
Microsoft Visual Studio Solution File, Format Version 10.00
# Visual Studio 2008
Project("{8BC9CEB8-8B4A-11D0-8D11-00A0C91BC942}") = "xmlrpc-server", "xmlrpc-server\xmlrpc-server.vcproj", "{3CC1317B-6E7C-45B1-B391-3FD7E256F7A0}"
EndProject
Project("{8BC9CEB8-8B4A-11D0-8D11-00A0C91BC942}") = "xmlrpclib", "xmlrpclib\xmlrpclib.vcproj", "{38E5B316-EF90-45D6-BE9D-96B8D4C1956C}"
EndProject
Project("{8BC9CEB8-8B4A-11D0-8D11-00A0C91BC942}") = "xmlrpc-client", "xmlrpc-client\xmlrpc-client.vcproj", "{B96D58FC-7258-466D-9FC2-53FD0D9F079B}"
EndProject
Global
	GlobalSection(SolutionConfigurationPlatforms) = preSolution
		Debug|MC3000c50b (ARMV4I) = Debug|MC3000c50b (ARMV4I)
		Debug|Windows Mobile 6 Professional SDK (ARMV4I) = Debug|Windows Mobile 6 Professional SDK (ARMV4I)
		Release|MC3000c50b (ARMV4I) = Release|MC3000c50b (ARMV4I)
		Release|Windows Mobile 6 Professional SDK (ARMV4I) = Release|Windows Mobile 6 Professional SDK (ARMV4I)
	EndGlobalSection
	GlobalSection(ProjectConfigurationPlatforms) = postSolution
		{3CC1317B-6E7C-45B1-B391-3FD7E256F7A0}.Debug|MC3000c50b (ARMV4I).ActiveCfg = Debug|MC3000c50b (ARMV4I)
		{3CC1317B-6E7C-45B1-B391-3FD7E256F7A0}.Debug|MC3000c50b (ARMV4I).Build.0 = Debug|MC3000c50b (ARMV4I)
		{3CC1317B-6E7C-45B1-B391-3FD7E256F7A0}.Debug|MC3000c50b (ARMV4I).Deploy.0 = Debug|MC3000c50b (ARMV4I)
		{3CC1317B-6E7C-45B1-B391-3FD7E256F7A0}.Debug|Windows Mobile 6 Professional SDK (ARMV4I).ActiveCfg = Debug|Windows Mobile 6 Professional SDK (ARMV4I)
		{3CC1317B-6E7C-45B1-B391-3FD7E256F7A0}.Debug|Windows Mobile 6 Professional SDK (ARMV4I).Build.0 = Debug|Windows Mobile 6 Professional SDK (ARMV4I)
		{3CC1317B-6E7C-45B1-B391-3FD7E256F7A0}.Debug|Windows Mobile 6 Professional SDK (ARMV4I).Deploy.0 = Debug|Windows Mobile 6 Professional SDK (ARMV4I)
		{3CC1317B-6E7C-45B1-B391-3FD7E256F7A0}.Release|MC3000c50b (ARMV4I).ActiveCfg = Release|MC3000c50b (ARMV4I)
		{3CC1317B-6E7C-45B1-B391-3FD7E256F7A0}.Release|MC3000c50b (ARMV4I).Build.0 = Release|MC3000c50b (ARMV4I)
		{3CC1317B-6E7C-45B1-B391-3FD7E256F7A0}.Release|MC3000c50b (ARMV4I).Deploy.0 = Release|MC3000c50b (ARMV4I)
		{3CC1317B-6E7C-45B1-B391-3FD7E256F7A0}.Release|Windows Mobile 6 Professional SDK (ARMV4I).ActiveCfg = Release|Windows Mobile 6 Professional SDK (ARMV4I)
		{3CC1317B-6E7C-45B1-B391-3FD7E256F7A0}.Release|Windows Mobile 6 Professional SDK (ARMV4I).Build.0 = Release|Windows Mobile 6 Professional SDK (ARMV4I)
		{3CC1317B-6E7C-45B1-B391-3FD7E256F7A0}.Release|Windows Mobile 6 Professional SDK (ARMV4I).Deploy.0 = Release|Windows Mobile 6 Professional SDK (ARMV4I)
		{38E5B316-EF90-45D6-BE9D-96B8D4C1956C}.Debug|MC3000c50b (ARMV4I).ActiveCfg = Debug|MC3000c50b (ARMV4I)
		{38E5B316-EF90-45D6-BE9D-96B8D4C1956C}.Debug|MC3000c50b (ARMV4I).Build.0 = Debug|MC3000c50b (ARMV4I)
		{38E5B316-EF90-45D6-BE9D-96B8D4C1956C}.Debug|MC3000c50b (ARMV4I).Deploy.0 = Debug|MC3000c50b (ARMV4I)
		{38E5B316-EF90-45D6-BE9D-96B8D4C1956C}.Debug|Windows Mobile 6 Professional SDK (ARMV4I).ActiveCfg = Debug|Windows Mobile 6 Professional SDK (ARMV4I)
		{38E5B316-EF90-45D6-BE9D-96B8D4C1956C}.Debug|Windows Mobile 6 Professional SDK (ARMV4I).Build.0 = Debug|Windows Mobile 6 Professional SDK (ARMV4I)
		{38E5B316-EF90-45D6-BE9D-96B8D4C1956C}.Debug|Windows Mobile 6 Professional SDK (ARMV4I).Deploy.0 = Debug|Windows Mobile 6 Professional SDK (ARMV4I)
		{38E5B316-EF90-45D6-BE9D-96B8D4C1956C}.Release|MC3000c50b (ARMV4I).ActiveCfg = Release|MC3000c50b (ARMV4I)
		{38E5B316-EF90-45D6-BE9D-96B8D4C1956C}.Release|MC3000c50b (ARMV4I).Build.0 = Release|MC3000c50b (ARMV4I)
		{38E5B316-EF90-45D6-BE9D-96B8D4C1956C}.Release|MC3000c50b (ARMV4I).Deploy.0 = Release|MC3000c50b (ARMV4I)
		{38E5B316-EF90-45D6-BE9D-96B8D4C1956C}.Release|Windows Mobile 6 Professional SDK (ARMV4I).ActiveCfg = Release|Windows Mobile 6 Professional SDK (ARMV4I)
		{38E5B316-EF90-45D6-BE9D-96B8D4C1956C}.Release|Windows Mobile 6 Professional SDK (ARMV4I).Build.0 = Release|Windows Mobile 6 Professional SDK (ARMV4I)
		{38E5B316-EF90-45D6-BE9D-96B8D4C1956C}.Release|Windows Mobile 6 Professional SDK (ARMV4I).Deploy.0 = Release|Windows Mobile 6 Professional SDK (ARMV4I)
		{B96D58FC-7258-466D-9FC2-53FD0D9F079B}.Debug|MC3000c50b (ARMV4I).ActiveCfg = Debug|MC3000c50b (ARMV4I)
		{B96D58FC-7258-466D-9FC2-53FD0D9F079B}.Debug|MC3000c50b (ARMV4I).Build.0 = Debug|MC3000c50b (ARMV4I)
		{B96D58FC-7258-466D-9FC2-53FD0D9F079B}.Debug|MC3000c50b (ARMV4I).Deploy.0 = Debug|MC3000c50b (ARMV4I)
		{B96D58FC-7258-466D-9FC2-53FD0D9F079B}.Debug|Windows Mobile 6 Professional SDK (ARMV4I).ActiveCfg = Debug|Windows Mobile 6 Professional SDK (ARMV4I)
		{B96D58FC-7258-466D-9FC2-53FD0D9F079B}.Debug|Windows Mobile 6 Professional SDK (ARMV4I).Build.0 = Debug|Windows Mobile 6 Professional SDK (ARMV4I)
		{B96D58FC-7258-466D-9FC2-53FD0D9F079B}.Debug|Windows Mobile 6 Professional SDK (ARMV4I).Deploy.0 = Debug|Windows Mobile 6 Professional SDK (ARMV4I)
		{B96D58FC-7258-466D-9FC2-53FD0D9F079B}.Release|MC3000c50b (ARMV4I).ActiveCfg = Release|MC3000c50b (ARMV4I)
		{B96D58FC-7258-466D-9FC2-53FD0D9F079B}.Release|MC3000c50b (ARMV4I).Build.0 = Release|MC3000c50b (ARMV4I)
		{B96D58FC-7258-466D-9FC2-53FD0D9F079B}.Release|MC3000c50b (ARMV4I).Deploy.0 = Release|MC3000c50b (ARMV4I)
		{B96D58FC-7258-466D-9FC2-53FD0D9F079B}.Release|Windows Mobile 6 Professional SDK (ARMV4I).ActiveCfg = Release|Windows Mobile 6 Professional SDK (ARMV4I)
		{B96D58FC-7258-466D-9FC2-53FD0D9F079B}.Release|Windows Mobile 6 Professional SDK (ARMV4I).Build.0 = Release|Windows Mobile 6 Professional SDK (ARMV4I)
		{B96D58FC-7258-466D-9FC2-53FD0D9F079B}.Release|Windows Mobile 6 Professional SDK (ARMV4I).Deploy.0 = Release|Windows Mobile 6 Professional SDK (ARMV4I)
	EndGlobalSection
	GlobalSection(SolutionProperties) = preSolution
		HideSolutionNode = FALSE
	EndGlobalSection
EndGlobal
